
Microsoft Visual Studio Solution File, Format Version 12.00
# Visual Studio Version 17
VisualStudioVersion = 17.11.35222.181
MinimumVisualStudioVersion = 10.0.40219.1
Project("{2150E333-8FDC-42A3-9474-1A3956D46DE8}") = "Solution Items", "Solution Items", "{6F639471-051A-46E3-8829-2FC58ECFC1D3}"
	ProjectSection(SolutionItems) = preProject
		docker-compose.yml = docker-compose.yml
	EndProjectSection
EndProject
Project("{2150E333-8FDC-42A3-9474-1A3956D46DE8}") = "School", "School", "{5A472689-1566-4FDF-B5AF-F0056F82D7AD}"
EndProject
Project("{2150E333-8FDC-42A3-9474-1A3956D46DE8}") = "API", "API", "{0A52A7A3-D1D6-49E0-B11B-1021E5552E07}"
EndProject
Project("{2150E333-8FDC-42A3-9474-1A3956D46DE8}") = "Modules", "Modules", "{415478EC-2090-4B12-9512-9879DC10DA69}"
EndProject
Project("{9A19103F-16F7-4668-BE54-9A1E7A4F7556}") = "School.API", "School.API\School.API.csproj", "{809D8B78-15CA-4848-9DDB-64F754E5AD68}"
EndProject
Project("{2150E333-8FDC-42A3-9474-1A3956D46DE8}") = "User", "User", "{22D49989-AEC3-4821-B109-01D489A91EFA}"
EndProject
Project("{9A19103F-16F7-4668-BE54-9A1E7A4F7556}") = "Module.User", "Module.User\Module.User.csproj", "{1BDCC975-0751-47E6-9BCA-16BF09D7D5D3}"
EndProject
Project("{9A19103F-16F7-4668-BE54-9A1E7A4F7556}") = "Module.User.Application", "Module.User.Application\Module.User.Application.csproj", "{51BF0D42-6AAD-440F-A840-11E41B5A69BC}"
EndProject
Project("{9A19103F-16F7-4668-BE54-9A1E7A4F7556}") = "Module.User.Domain", "Module.User.Domain\Module.User.Domain.csproj", "{25700FC7-3617-4BF8-BA37-C1193F5CB8C7}"
EndProject
Project("{9A19103F-16F7-4668-BE54-9A1E7A4F7556}") = "Module.User.Domain.Test", "Module.User.Domain.Test\Module.User.Domain.Test.csproj", "{2B48F315-80D3-471D-BDC3-556D55DEE935}"
EndProject
Project("{9A19103F-16F7-4668-BE54-9A1E7A4F7556}") = "Module.User.Infrastructure", "Module.User.Infrastructure\Module.User.Infrastructure.csproj", "{13A08EC4-6D1B-4445-86BF-934CA48D6DD2}"
EndProject
Project("{2150E333-8FDC-42A3-9474-1A3956D46DE8}") = "Shared", "Shared", "{A672F719-0E4B-4D77-988F-CA6A95CE70A8}"
EndProject
Project("{2150E333-8FDC-42A3-9474-1A3956D46DE8}") = "Semester", "Semester", "{59F003CC-042E-4F88-B2B1-F47FFC5959E0}"
EndProject
Project("{9A19103F-16F7-4668-BE54-9A1E7A4F7556}") = "Module.Semester.Application", "Module.Semester.Application\Module.Semester.Application.csproj", "{213AFEBA-5F57-441B-9813-B0FF82927AC1}"
EndProject
Project("{9A19103F-16F7-4668-BE54-9A1E7A4F7556}") = "Module.Semester.Domain", "Modules.Seminar.Domain\Module.Semester.Domain.csproj", "{C1E38962-567B-43A6-A27D-4A1B387C7D2A}"
EndProject
Project("{9A19103F-16F7-4668-BE54-9A1E7A4F7556}") = "Module.Semester.Domain.Test", "Modules.Seminar.Domain.Test\Module.Semester.Domain.Test.csproj", "{922CF9A7-623C-4BCF-BEA9-F41591185C8A}"
EndProject
Project("{9A19103F-16F7-4668-BE54-9A1E7A4F7556}") = "Module.Semester.Infrastructure", "Modules.Seminar.Infrastructure\Module.Semester.Infrastructure.csproj", "{735566AF-80BC-4380-9BF2-D8C03A7CDBBD}"
EndProject
Project("{9A19103F-16F7-4668-BE54-9A1E7A4F7556}") = "Module.Semester", "Module.Semester\Module.Semester.csproj", "{BF2A9248-F01F-4AE0-AD1D-BDD90E0EE755}"
EndProject
Project("{9A19103F-16F7-4668-BE54-9A1E7A4F7556}") = "Module.Shared", "Module.Shared\Module.Shared.csproj", "{676DFC34-B01D-4866-81C6-FA6728C8E35D}"
EndProject
Project("{9A19103F-16F7-4668-BE54-9A1E7A4F7556}") = "Module.Shared.Infrastructure", "Module.Shared.Infrastructure\Module.Shared.Infrastructure.csproj", "{03110FFD-78EC-420B-8A82-CD45223AF88A}"
EndProject
Project("{2150E333-8FDC-42A3-9474-1A3956D46DE8}") = "SharedKernel", "SharedKernel", "{595725BE-1532-41BB-A7F1-BA788743F756}"
EndProject
Project("{9A19103F-16F7-4668-BE54-9A1E7A4F7556}") = "SharedKernel.Dto", "SharedKernel.Dto\SharedKernel.Dto.csproj", "{4F493938-B444-425C-ACF5-9BDC658DE6B4}"
EndProject
Project("{9A19103F-16F7-4668-BE54-9A1E7A4F7556}") = "SharedKernel.Enums", "SharedKernel.Enums\SharedKernel.Enums.csproj", "{5FBC8519-10DD-48CD-A1F4-5D3F6AB44142}"
EndProject
Project("{FAE04EC0-301F-11D3-BF4B-00C04F79EFBC}") = "SharedKernel.ValueObjects", "SharedKernel.ValueObjects\SharedKernel.ValueObjects.csproj", "{31D7CF02-5216-4C00-AB17-3B02129D05FA}"
EndProject
Project("{2150E333-8FDC-42A3-9474-1A3956D46DE8}") = "Evaluering", "Evaluering", "{C62F08E7-540D-4DDF-BDDB-AFCF49439F9A}"
EndProject
Project("{2150E333-8FDC-42A3-9474-1A3956D46DE8}") = "API", "API", "{1009465A-7B4C-427E-A5B9-5A37595A4C24}"
EndProject
Project("{2150E333-8FDC-42A3-9474-1A3956D46DE8}") = "Modules", "Modules", "{9860B2CA-094A-4E14-B565-595EE4CA219F}"
EndProject
Project("{FAE04EC0-301F-11D3-BF4B-00C04F79EFBC}") = "Evaluering.API", "Evaluering.API\Evaluering.API.csproj", "{1E9C8C10-B699-4E1B-ABFA-0B1E2E138D87}"
EndProject
Project("{2150E333-8FDC-42A3-9474-1A3956D46DE8}") = "Feedback", "Feedback", "{F05316B8-9DE7-4024-99CA-87DDD8E22705}"
EndProject
Project("{FAE04EC0-301F-11D3-BF4B-00C04F79EFBC}") = "Module.Feedback", "Module.Feedback\Module.Feedback.csproj", "{92FA742C-33C5-4743-ACE9-C6C52F6A29C3}"
EndProject
Project("{FAE04EC0-301F-11D3-BF4B-00C04F79EFBC}") = "Module.Feedback.Application", "Module.Feedback.Application\Module.Feedback.Application.csproj", "{78226D0D-EC89-458F-890E-B5E009234ADA}"
EndProject
Project("{FAE04EC0-301F-11D3-BF4B-00C04F79EFBC}") = "Module.Feedback.Domain", "Module.Feedback.Domain\Module.Feedback.Domain.csproj", "{3CBA159D-FD96-4EDE-9670-834378BB7073}"
EndProject
Project("{FAE04EC0-301F-11D3-BF4B-00C04F79EFBC}") = "Module.Feedback.Infrastructure", "Module.Feedback.Infrastructure\Module.Feedback.Infrastructure.csproj", "{263FBA29-D6B0-4E57-81B1-BA77D9ED47EE}"
EndProject
Project("{FAE04EC0-301F-11D3-BF4B-00C04F79EFBC}") = "Module.Feedback.Domain.Test", "Module.Feedback.Domain.Test\Module.Feedback.Domain.Test.csproj", "{E6DFEF8D-247F-4DFD-9C6D-62AA6286ED45}"
EndProject
Global
	GlobalSection(SolutionConfigurationPlatforms) = preSolution
		Debug|Any CPU = Debug|Any CPU
		Release|Any CPU = Release|Any CPU
	EndGlobalSection
	GlobalSection(ProjectConfigurationPlatforms) = postSolution
		{809D8B78-15CA-4848-9DDB-64F754E5AD68}.Debug|Any CPU.ActiveCfg = Debug|Any CPU
		{809D8B78-15CA-4848-9DDB-64F754E5AD68}.Debug|Any CPU.Build.0 = Debug|Any CPU
		{809D8B78-15CA-4848-9DDB-64F754E5AD68}.Release|Any CPU.ActiveCfg = Release|Any CPU
		{809D8B78-15CA-4848-9DDB-64F754E5AD68}.Release|Any CPU.Build.0 = Release|Any CPU
		{1BDCC975-0751-47E6-9BCA-16BF09D7D5D3}.Debug|Any CPU.ActiveCfg = Debug|Any CPU
		{1BDCC975-0751-47E6-9BCA-16BF09D7D5D3}.Debug|Any CPU.Build.0 = Debug|Any CPU
		{1BDCC975-0751-47E6-9BCA-16BF09D7D5D3}.Release|Any CPU.ActiveCfg = Release|Any CPU
		{1BDCC975-0751-47E6-9BCA-16BF09D7D5D3}.Release|Any CPU.Build.0 = Release|Any CPU
		{51BF0D42-6AAD-440F-A840-11E41B5A69BC}.Debug|Any CPU.ActiveCfg = Debug|Any CPU
		{51BF0D42-6AAD-440F-A840-11E41B5A69BC}.Debug|Any CPU.Build.0 = Debug|Any CPU
		{51BF0D42-6AAD-440F-A840-11E41B5A69BC}.Release|Any CPU.ActiveCfg = Release|Any CPU
		{51BF0D42-6AAD-440F-A840-11E41B5A69BC}.Release|Any CPU.Build.0 = Release|Any CPU
		{25700FC7-3617-4BF8-BA37-C1193F5CB8C7}.Debug|Any CPU.ActiveCfg = Debug|Any CPU
		{25700FC7-3617-4BF8-BA37-C1193F5CB8C7}.Debug|Any CPU.Build.0 = Debug|Any CPU
		{25700FC7-3617-4BF8-BA37-C1193F5CB8C7}.Release|Any CPU.ActiveCfg = Release|Any CPU
		{25700FC7-3617-4BF8-BA37-C1193F5CB8C7}.Release|Any CPU.Build.0 = Release|Any CPU
		{2B48F315-80D3-471D-BDC3-556D55DEE935}.Debug|Any CPU.ActiveCfg = Debug|Any CPU
		{2B48F315-80D3-471D-BDC3-556D55DEE935}.Debug|Any CPU.Build.0 = Debug|Any CPU
		{2B48F315-80D3-471D-BDC3-556D55DEE935}.Release|Any CPU.ActiveCfg = Release|Any CPU
		{2B48F315-80D3-471D-BDC3-556D55DEE935}.Release|Any CPU.Build.0 = Release|Any CPU
		{13A08EC4-6D1B-4445-86BF-934CA48D6DD2}.Debug|Any CPU.ActiveCfg = Debug|Any CPU
		{13A08EC4-6D1B-4445-86BF-934CA48D6DD2}.Debug|Any CPU.Build.0 = Debug|Any CPU
		{13A08EC4-6D1B-4445-86BF-934CA48D6DD2}.Release|Any CPU.ActiveCfg = Release|Any CPU
		{13A08EC4-6D1B-4445-86BF-934CA48D6DD2}.Release|Any CPU.Build.0 = Release|Any CPU
		{213AFEBA-5F57-441B-9813-B0FF82927AC1}.Debug|Any CPU.ActiveCfg = Debug|Any CPU
		{213AFEBA-5F57-441B-9813-B0FF82927AC1}.Debug|Any CPU.Build.0 = Debug|Any CPU
		{213AFEBA-5F57-441B-9813-B0FF82927AC1}.Release|Any CPU.ActiveCfg = Release|Any CPU
		{213AFEBA-5F57-441B-9813-B0FF82927AC1}.Release|Any CPU.Build.0 = Release|Any CPU
		{C1E38962-567B-43A6-A27D-4A1B387C7D2A}.Debug|Any CPU.ActiveCfg = Debug|Any CPU
		{C1E38962-567B-43A6-A27D-4A1B387C7D2A}.Debug|Any CPU.Build.0 = Debug|Any CPU
		{C1E38962-567B-43A6-A27D-4A1B387C7D2A}.Release|Any CPU.ActiveCfg = Release|Any CPU
		{C1E38962-567B-43A6-A27D-4A1B387C7D2A}.Release|Any CPU.Build.0 = Release|Any CPU
		{922CF9A7-623C-4BCF-BEA9-F41591185C8A}.Debug|Any CPU.ActiveCfg = Debug|Any CPU
		{922CF9A7-623C-4BCF-BEA9-F41591185C8A}.Debug|Any CPU.Build.0 = Debug|Any CPU
		{922CF9A7-623C-4BCF-BEA9-F41591185C8A}.Release|Any CPU.ActiveCfg = Release|Any CPU
		{922CF9A7-623C-4BCF-BEA9-F41591185C8A}.Release|Any CPU.Build.0 = Release|Any CPU
		{735566AF-80BC-4380-9BF2-D8C03A7CDBBD}.Debug|Any CPU.ActiveCfg = Debug|Any CPU
		{735566AF-80BC-4380-9BF2-D8C03A7CDBBD}.Debug|Any CPU.Build.0 = Debug|Any CPU
		{735566AF-80BC-4380-9BF2-D8C03A7CDBBD}.Release|Any CPU.ActiveCfg = Release|Any CPU
		{735566AF-80BC-4380-9BF2-D8C03A7CDBBD}.Release|Any CPU.Build.0 = Release|Any CPU
		{BF2A9248-F01F-4AE0-AD1D-BDD90E0EE755}.Debug|Any CPU.ActiveCfg = Debug|Any CPU
		{BF2A9248-F01F-4AE0-AD1D-BDD90E0EE755}.Debug|Any CPU.Build.0 = Debug|Any CPU
		{BF2A9248-F01F-4AE0-AD1D-BDD90E0EE755}.Release|Any CPU.ActiveCfg = Release|Any CPU
		{BF2A9248-F01F-4AE0-AD1D-BDD90E0EE755}.Release|Any CPU.Build.0 = Release|Any CPU
		{676DFC34-B01D-4866-81C6-FA6728C8E35D}.Debug|Any CPU.ActiveCfg = Debug|Any CPU
		{676DFC34-B01D-4866-81C6-FA6728C8E35D}.Debug|Any CPU.Build.0 = Debug|Any CPU
		{676DFC34-B01D-4866-81C6-FA6728C8E35D}.Release|Any CPU.ActiveCfg = Release|Any CPU
		{676DFC34-B01D-4866-81C6-FA6728C8E35D}.Release|Any CPU.Build.0 = Release|Any CPU
		{03110FFD-78EC-420B-8A82-CD45223AF88A}.Debug|Any CPU.ActiveCfg = Debug|Any CPU
		{03110FFD-78EC-420B-8A82-CD45223AF88A}.Debug|Any CPU.Build.0 = Debug|Any CPU
		{03110FFD-78EC-420B-8A82-CD45223AF88A}.Release|Any CPU.ActiveCfg = Release|Any CPU
		{03110FFD-78EC-420B-8A82-CD45223AF88A}.Release|Any CPU.Build.0 = Release|Any CPU
		{4F493938-B444-425C-ACF5-9BDC658DE6B4}.Debug|Any CPU.ActiveCfg = Debug|Any CPU
		{4F493938-B444-425C-ACF5-9BDC658DE6B4}.Debug|Any CPU.Build.0 = Debug|Any CPU
		{4F493938-B444-425C-ACF5-9BDC658DE6B4}.Release|Any CPU.ActiveCfg = Release|Any CPU
		{4F493938-B444-425C-ACF5-9BDC658DE6B4}.Release|Any CPU.Build.0 = Release|Any CPU
		{5FBC8519-10DD-48CD-A1F4-5D3F6AB44142}.Debug|Any CPU.ActiveCfg = Debug|Any CPU
		{5FBC8519-10DD-48CD-A1F4-5D3F6AB44142}.Debug|Any CPU.Build.0 = Debug|Any CPU
		{5FBC8519-10DD-48CD-A1F4-5D3F6AB44142}.Release|Any CPU.ActiveCfg = Release|Any CPU
		{5FBC8519-10DD-48CD-A1F4-5D3F6AB44142}.Release|Any CPU.Build.0 = Release|Any CPU
		{31D7CF02-5216-4C00-AB17-3B02129D05FA}.Debug|Any CPU.ActiveCfg = Debug|Any CPU
		{31D7CF02-5216-4C00-AB17-3B02129D05FA}.Debug|Any CPU.Build.0 = Debug|Any CPU
		{31D7CF02-5216-4C00-AB17-3B02129D05FA}.Release|Any CPU.ActiveCfg = Release|Any CPU
		{31D7CF02-5216-4C00-AB17-3B02129D05FA}.Release|Any CPU.Build.0 = Release|Any CPU
		{1E9C8C10-B699-4E1B-ABFA-0B1E2E138D87}.Debug|Any CPU.ActiveCfg = Debug|Any CPU
		{1E9C8C10-B699-4E1B-ABFA-0B1E2E138D87}.Debug|Any CPU.Build.0 = Debug|Any CPU
		{1E9C8C10-B699-4E1B-ABFA-0B1E2E138D87}.Release|Any CPU.ActiveCfg = Release|Any CPU
		{1E9C8C10-B699-4E1B-ABFA-0B1E2E138D87}.Release|Any CPU.Build.0 = Release|Any CPU
		{92FA742C-33C5-4743-ACE9-C6C52F6A29C3}.Debug|Any CPU.ActiveCfg = Debug|Any CPU
		{92FA742C-33C5-4743-ACE9-C6C52F6A29C3}.Debug|Any CPU.Build.0 = Debug|Any CPU
		{92FA742C-33C5-4743-ACE9-C6C52F6A29C3}.Release|Any CPU.ActiveCfg = Release|Any CPU
		{92FA742C-33C5-4743-ACE9-C6C52F6A29C3}.Release|Any CPU.Build.0 = Release|Any CPU
		{78226D0D-EC89-458F-890E-B5E009234ADA}.Debug|Any CPU.ActiveCfg = Debug|Any CPU
		{78226D0D-EC89-458F-890E-B5E009234ADA}.Debug|Any CPU.Build.0 = Debug|Any CPU
		{78226D0D-EC89-458F-890E-B5E009234ADA}.Release|Any CPU.ActiveCfg = Release|Any CPU
		{78226D0D-EC89-458F-890E-B5E009234ADA}.Release|Any CPU.Build.0 = Release|Any CPU
		{3CBA159D-FD96-4EDE-9670-834378BB7073}.Debug|Any CPU.ActiveCfg = Debug|Any CPU
		{3CBA159D-FD96-4EDE-9670-834378BB7073}.Debug|Any CPU.Build.0 = Debug|Any CPU
		{3CBA159D-FD96-4EDE-9670-834378BB7073}.Release|Any CPU.ActiveCfg = Release|Any CPU
		{3CBA159D-FD96-4EDE-9670-834378BB7073}.Release|Any CPU.Build.0 = Release|Any CPU
		{263FBA29-D6B0-4E57-81B1-BA77D9ED47EE}.Debug|Any CPU.ActiveCfg = Debug|Any CPU
		{263FBA29-D6B0-4E57-81B1-BA77D9ED47EE}.Debug|Any CPU.Build.0 = Debug|Any CPU
		{263FBA29-D6B0-4E57-81B1-BA77D9ED47EE}.Release|Any CPU.ActiveCfg = Release|Any CPU
		{263FBA29-D6B0-4E57-81B1-BA77D9ED47EE}.Release|Any CPU.Build.0 = Release|Any CPU
		{E6DFEF8D-247F-4DFD-9C6D-62AA6286ED45}.Debug|Any CPU.ActiveCfg = Debug|Any CPU
		{E6DFEF8D-247F-4DFD-9C6D-62AA6286ED45}.Debug|Any CPU.Build.0 = Debug|Any CPU
		{E6DFEF8D-247F-4DFD-9C6D-62AA6286ED45}.Release|Any CPU.ActiveCfg = Release|Any CPU
		{E6DFEF8D-247F-4DFD-9C6D-62AA6286ED45}.Release|Any CPU.Build.0 = Release|Any CPU
	EndGlobalSection
	GlobalSection(SolutionProperties) = preSolution
		HideSolutionNode = FALSE
		{4F493938-B444-425C-ACF5-9BDC658DE6B4}.Debug|Any CPU.ActiveCfg = Debug|Any CPU
		{4F493938-B444-425C-ACF5-9BDC658DE6B4}.Debug|Any CPU.Build.0 = Debug|Any CPU
		{4F493938-B444-425C-ACF5-9BDC658DE6B4}.Release|Any CPU.ActiveCfg = Release|Any CPU
		{4F493938-B444-425C-ACF5-9BDC658DE6B4}.Release|Any CPU.Build.0 = Release|Any CPU
		{0B8711A4-2F37-441A-89C5-46B02EF657A7}.Debug|Any CPU.ActiveCfg = Debug|Any CPU
		{0B8711A4-2F37-441A-89C5-46B02EF657A7}.Debug|Any CPU.Build.0 = Debug|Any CPU
		{0B8711A4-2F37-441A-89C5-46B02EF657A7}.Release|Any CPU.ActiveCfg = Release|Any CPU
		{0B8711A4-2F37-441A-89C5-46B02EF657A7}.Release|Any CPU.Build.0 = Release|Any CPU
		{CFF0041D-3BDB-4B4E-838B-87DAB418B22D}.Debug|Any CPU.ActiveCfg = Debug|Any CPU
		{CFF0041D-3BDB-4B4E-838B-87DAB418B22D}.Debug|Any CPU.Build.0 = Debug|Any CPU
		{CFF0041D-3BDB-4B4E-838B-87DAB418B22D}.Release|Any CPU.ActiveCfg = Release|Any CPU
		{CFF0041D-3BDB-4B4E-838B-87DAB418B22D}.Release|Any CPU.Build.0 = Release|Any CPU
		{7AA7C186-861A-4EEE-8251-0D48335C5368}.Debug|Any CPU.ActiveCfg = Debug|Any CPU
		{7AA7C186-861A-4EEE-8251-0D48335C5368}.Debug|Any CPU.Build.0 = Debug|Any CPU
		{7AA7C186-861A-4EEE-8251-0D48335C5368}.Release|Any CPU.ActiveCfg = Release|Any CPU
		{7AA7C186-861A-4EEE-8251-0D48335C5368}.Release|Any CPU.Build.0 = Release|Any CPU
		{417C83CB-1288-44B4-B2F3-DF4A7EF3EC18}.Debug|Any CPU.ActiveCfg = Debug|Any CPU
		{417C83CB-1288-44B4-B2F3-DF4A7EF3EC18}.Debug|Any CPU.Build.0 = Debug|Any CPU
		{417C83CB-1288-44B4-B2F3-DF4A7EF3EC18}.Release|Any CPU.ActiveCfg = Release|Any CPU
		{417C83CB-1288-44B4-B2F3-DF4A7EF3EC18}.Release|Any CPU.Build.0 = Release|Any CPU
		{22B59635-6704-4CBF-8040-FEC3654C998A}.Debug|Any CPU.ActiveCfg = Debug|Any CPU
		{22B59635-6704-4CBF-8040-FEC3654C998A}.Debug|Any CPU.Build.0 = Debug|Any CPU
		{22B59635-6704-4CBF-8040-FEC3654C998A}.Release|Any CPU.ActiveCfg = Release|Any CPU
		{22B59635-6704-4CBF-8040-FEC3654C998A}.Release|Any CPU.Build.0 = Release|Any CPU
		{561377D1-8E58-4D06-BCE2-1FA16F3F7381}.Debug|Any CPU.ActiveCfg = Debug|Any CPU
		{561377D1-8E58-4D06-BCE2-1FA16F3F7381}.Debug|Any CPU.Build.0 = Debug|Any CPU
		{561377D1-8E58-4D06-BCE2-1FA16F3F7381}.Release|Any CPU.ActiveCfg = Release|Any CPU
		{561377D1-8E58-4D06-BCE2-1FA16F3F7381}.Release|Any CPU.Build.0 = Release|Any CPU
	EndGlobalSection
	GlobalSection(NestedProjects) = preSolution
		{0A52A7A3-D1D6-49E0-B11B-1021E5552E07} = {5A472689-1566-4FDF-B5AF-F0056F82D7AD}
		{415478EC-2090-4B12-9512-9879DC10DA69} = {0A52A7A3-D1D6-49E0-B11B-1021E5552E07}
		{809D8B78-15CA-4848-9DDB-64F754E5AD68} = {0A52A7A3-D1D6-49E0-B11B-1021E5552E07}
		{22D49989-AEC3-4821-B109-01D489A91EFA} = {415478EC-2090-4B12-9512-9879DC10DA69}
		{1BDCC975-0751-47E6-9BCA-16BF09D7D5D3} = {22D49989-AEC3-4821-B109-01D489A91EFA}
		{51BF0D42-6AAD-440F-A840-11E41B5A69BC} = {22D49989-AEC3-4821-B109-01D489A91EFA}
		{25700FC7-3617-4BF8-BA37-C1193F5CB8C7} = {22D49989-AEC3-4821-B109-01D489A91EFA}
		{2B48F315-80D3-471D-BDC3-556D55DEE935} = {22D49989-AEC3-4821-B109-01D489A91EFA}
		{13A08EC4-6D1B-4445-86BF-934CA48D6DD2} = {22D49989-AEC3-4821-B109-01D489A91EFA}
		{A672F719-0E4B-4D77-988F-CA6A95CE70A8} = {415478EC-2090-4B12-9512-9879DC10DA69}
		{59F003CC-042E-4F88-B2B1-F47FFC5959E0} = {415478EC-2090-4B12-9512-9879DC10DA69}
		{213AFEBA-5F57-441B-9813-B0FF82927AC1} = {59F003CC-042E-4F88-B2B1-F47FFC5959E0}
		{C1E38962-567B-43A6-A27D-4A1B387C7D2A} = {59F003CC-042E-4F88-B2B1-F47FFC5959E0}
		{922CF9A7-623C-4BCF-BEA9-F41591185C8A} = {59F003CC-042E-4F88-B2B1-F47FFC5959E0}
		{735566AF-80BC-4380-9BF2-D8C03A7CDBBD} = {59F003CC-042E-4F88-B2B1-F47FFC5959E0}
		{BF2A9248-F01F-4AE0-AD1D-BDD90E0EE755} = {59F003CC-042E-4F88-B2B1-F47FFC5959E0}
		{676DFC34-B01D-4866-81C6-FA6728C8E35D} = {A672F719-0E4B-4D77-988F-CA6A95CE70A8}
		{03110FFD-78EC-420B-8A82-CD45223AF88A} = {A672F719-0E4B-4D77-988F-CA6A95CE70A8}
		{4F493938-B444-425C-ACF5-9BDC658DE6B4} = {595725BE-1532-41BB-A7F1-BA788743F756}
		{5FBC8519-10DD-48CD-A1F4-5D3F6AB44142} = {595725BE-1532-41BB-A7F1-BA788743F756}
		{31D7CF02-5216-4C00-AB17-3B02129D05FA} = {595725BE-1532-41BB-A7F1-BA788743F756}
		{1009465A-7B4C-427E-A5B9-5A37595A4C24} = {C62F08E7-540D-4DDF-BDDB-AFCF49439F9A}
		{9860B2CA-094A-4E14-B565-595EE4CA219F} = {1009465A-7B4C-427E-A5B9-5A37595A4C24}
		{1E9C8C10-B699-4E1B-ABFA-0B1E2E138D87} = {1009465A-7B4C-427E-A5B9-5A37595A4C24}
		{F05316B8-9DE7-4024-99CA-87DDD8E22705} = {9860B2CA-094A-4E14-B565-595EE4CA219F}
		{92FA742C-33C5-4743-ACE9-C6C52F6A29C3} = {F05316B8-9DE7-4024-99CA-87DDD8E22705}
		{78226D0D-EC89-458F-890E-B5E009234ADA} = {F05316B8-9DE7-4024-99CA-87DDD8E22705}
		{3CBA159D-FD96-4EDE-9670-834378BB7073} = {F05316B8-9DE7-4024-99CA-87DDD8E22705}
		{263FBA29-D6B0-4E57-81B1-BA77D9ED47EE} = {F05316B8-9DE7-4024-99CA-87DDD8E22705}
		{E6DFEF8D-247F-4DFD-9C6D-62AA6286ED45} = {F05316B8-9DE7-4024-99CA-87DDD8E22705}
	EndGlobalSection
	GlobalSection(ExtensibilityGlobals) = postSolution
		SolutionGuid = {D3F9B67C-9A13-46EA-BC43-EA02349B6D43}
		{0B8711A4-2F37-441A-89C5-46B02EF657A7} = {A672F719-0E4B-4D77-988F-CA6A95CE70A8}
		{7DE2A09E-F545-4D71-9611-533C84BDB837} = {415478EC-2090-4B12-9512-9879DC10DA69}
		{CFF0041D-3BDB-4B4E-838B-87DAB418B22D} = {7DE2A09E-F545-4D71-9611-533C84BDB837}
		{7AA7C186-861A-4EEE-8251-0D48335C5368} = {7DE2A09E-F545-4D71-9611-533C84BDB837}
		{417C83CB-1288-44B4-B2F3-DF4A7EF3EC18} = {7DE2A09E-F545-4D71-9611-533C84BDB837}
		{22B59635-6704-4CBF-8040-FEC3654C998A} = {7DE2A09E-F545-4D71-9611-533C84BDB837}
		{561377D1-8E58-4D06-BCE2-1FA16F3F7381} = {7DE2A09E-F545-4D71-9611-533C84BDB837}
	EndGlobalSection
EndGlobal
