
Microsoft Visual Studio Solution File, Format Version 12.00
# Visual Studio Version 17
VisualStudioVersion = 17.11.35222.181
MinimumVisualStudioVersion = 10.0.40219.1
Project("{2150E333-8FDC-42A3-9474-1A3956D46DE8}") = "Solution Items", "Solution Items", "{6F639471-051A-46E3-8829-2FC58ECFC1D3}"
	ProjectSection(SolutionItems) = preProject
		docker-compose.yml = docker-compose.yml
	EndProjectSection
EndProject
Project("{2150E333-8FDC-42A3-9474-1A3956D46DE8}") = "School", "School", "{5A472689-1566-4FDF-B5AF-F0056F82D7AD}"
EndProject
Project("{2150E333-8FDC-42A3-9474-1A3956D46DE8}") = "SharedKernel", "SharedKernel", "{595725BE-1532-41BB-A7F1-BA788743F756}"
EndProject
Project("{9A19103F-16F7-4668-BE54-9A1E7A4F7556}") = "SharedKernel.Dto", "SharedKernel.Dto\SharedKernel.Dto.csproj", "{4F493938-B444-425C-ACF5-9BDC658DE6B4}"
EndProject
Project("{9A19103F-16F7-4668-BE54-9A1E7A4F7556}") = "SharedKernel.Enums", "SharedKernel.Enums\SharedKernel.Enums.csproj", "{5FBC8519-10DD-48CD-A1F4-5D3F6AB44142}"
EndProject
Project("{9A19103F-16F7-4668-BE54-9A1E7A4F7556}") = "SharedKernel.ValueObjects", "SharedKernel.ValueObjects\SharedKernel.ValueObjects.csproj", "{31D7CF02-5216-4C00-AB17-3B02129D05FA}"
EndProject
Project("{2150E333-8FDC-42A3-9474-1A3956D46DE8}") = "Evaluering", "Evaluering", "{C62F08E7-540D-4DDF-BDDB-AFCF49439F9A}"
EndProject
Project("{2150E333-8FDC-42A3-9474-1A3956D46DE8}") = "API", "API", "{1009465A-7B4C-427E-A5B9-5A37595A4C24}"
EndProject
Project("{2150E333-8FDC-42A3-9474-1A3956D46DE8}") = "Modules", "Modules", "{9860B2CA-094A-4E14-B565-595EE4CA219F}"
EndProject
Project("{9A19103F-16F7-4668-BE54-9A1E7A4F7556}") = "Evaluering.API", "Evaluering.API\Evaluering.API.csproj", "{1E9C8C10-B699-4E1B-ABFA-0B1E2E138D87}"
EndProject
Project("{2150E333-8FDC-42A3-9474-1A3956D46DE8}") = "Feedback", "Feedback", "{F05316B8-9DE7-4024-99CA-87DDD8E22705}"
EndProject
Project("{9A19103F-16F7-4668-BE54-9A1E7A4F7556}") = "Module.Feedback", "Module.Feedback\Module.Feedback.csproj", "{92FA742C-33C5-4743-ACE9-C6C52F6A29C3}"
EndProject
Project("{9A19103F-16F7-4668-BE54-9A1E7A4F7556}") = "Module.Feedback.Application", "Module.Feedback.Application\Module.Feedback.Application.csproj", "{78226D0D-EC89-458F-890E-B5E009234ADA}"
EndProject
Project("{9A19103F-16F7-4668-BE54-9A1E7A4F7556}") = "Module.Feedback.Domain", "Module.Feedback.Domain\Module.Feedback.Domain.csproj", "{3CBA159D-FD96-4EDE-9670-834378BB7073}"
EndProject
Project("{9A19103F-16F7-4668-BE54-9A1E7A4F7556}") = "Module.Feedback.Infrastructure", "Module.Feedback.Infrastructure\Module.Feedback.Infrastructure.csproj", "{263FBA29-D6B0-4E57-81B1-BA77D9ED47EE}"
EndProject
Project("{9A19103F-16F7-4668-BE54-9A1E7A4F7556}") = "Module.Feedback.Domain.Test", "Module.Feedback.Domain.Test\Module.Feedback.Domain.Test.csproj", "{E6DFEF8D-247F-4DFD-9C6D-62AA6286ED45}"
EndProject
Project("{9A19103F-16F7-4668-BE54-9A1E7A4F7556}") = "SharedKernel.Interfaces", "SharedKernel.Interfaces\SharedKernel.Interfaces.csproj", "{E945291C-9D94-466F-B7AA-F9E1F8D58A7C}"
EndProject
Project("{9A19103F-16F7-4668-BE54-9A1E7A4F7556}") = "SharedKernel.Models", "SharedKernel.Models\SharedKernel.Models.csproj", "{C1911DA2-C0F1-4F17-84CD-7F9F5D75F64B}"
EndProject
Project("{2150E333-8FDC-42A3-9474-1A3956D46DE8}") = "ExitSlips", "ExitSlips", "{AA18B1CA-5A1B-4F41-8F76-7D68A9E20324}"
EndProject
Project("{9A19103F-16F7-4668-BE54-9A1E7A4F7556}") = "Module.ExitSlip", "Module.ExitSlips\Module.ExitSlip.csproj", "{84B72DD0-DCDC-4A4D-B244-EBEED33D10CA}"
EndProject
Project("{9A19103F-16F7-4668-BE54-9A1E7A4F7556}") = "Module.ExitSlip.Application", "Module.ExitSlips.Application\Module.ExitSlip.Application.csproj", "{7F28066D-FEF7-4F0A-BE3C-3694D9225690}"
EndProject
Project("{9A19103F-16F7-4668-BE54-9A1E7A4F7556}") = "Module.ExitSlip.Domain", "Module.ExitSlips.Domain\Module.ExitSlip.Domain.csproj", "{ABB935C0-91C2-4A3C-9218-066AFBDEBD4D}"
EndProject
Project("{9A19103F-16F7-4668-BE54-9A1E7A4F7556}") = "Module.ExitSlip.Infrastructure", "Module.ExitSlips.Infrastructure\Module.ExitSlip.Infrastructure.csproj", "{51B72056-E0FC-47D6-B996-C93791E70509}"
EndProject
Project("{2150E333-8FDC-42A3-9474-1A3956D46DE8}") = "Shared", "Shared", "{B4997CDC-6B90-4B35-8C7D-74F758484B7E}"
EndProject
Project("{FAE04EC0-301F-11D3-BF4B-00C04F79EFBC}") = "School.Application", "School.Application\School.Application.csproj", "{7AF99363-C59F-4946-A890-402EB4129D6A}"
EndProject
Project("{FAE04EC0-301F-11D3-BF4B-00C04F79EFBC}") = "School.Domain", "School.Domain\School.Domain.csproj", "{799A2651-DC75-4A52-818D-4D4E80C8FD41}"
EndProject
Project("{FAE04EC0-301F-11D3-BF4B-00C04F79EFBC}") = "School.Infrastructure", "School.Infrastructure\School.Infrastructure.csproj", "{104C7D7B-9218-4156-A5E7-389843A159F1}"
EndProject
Project("{FAE04EC0-301F-11D3-BF4B-00C04F79EFBC}") = "School.Domain.Test", "School.Domain.Test\School.Domain.Test.csproj", "{4F8FCF28-2698-4CAE-B0EB-D3C6F14D4577}"
EndProject
Project("{FAE04EC0-301F-11D3-BF4B-00C04F79EFBC}") = "Module.ExitSlip.Domain.Test", "Module.ExitSlip.Domain.Test\Module.ExitSlip.Domain.Test.csproj", "{94B0152F-CA6B-4BA5-87B5-6D8831D8FBA4}"
EndProject
Project("{FAE04EC0-301F-11D3-BF4B-00C04F79EFBC}") = "School.API", "School.API\School.API.csproj", "{F39BC8DF-4289-4AB2-92AA-7057BC48ED33}"
EndProject
Global
	GlobalSection(SolutionConfigurationPlatforms) = preSolution
		Debug|Any CPU = Debug|Any CPU
		Release|Any CPU = Release|Any CPU
	EndGlobalSection
	GlobalSection(ProjectConfigurationPlatforms) = postSolution
		{4F493938-B444-425C-ACF5-9BDC658DE6B4}.Debug|Any CPU.ActiveCfg = Debug|Any CPU
		{4F493938-B444-425C-ACF5-9BDC658DE6B4}.Debug|Any CPU.Build.0 = Debug|Any CPU
		{4F493938-B444-425C-ACF5-9BDC658DE6B4}.Release|Any CPU.ActiveCfg = Release|Any CPU
		{4F493938-B444-425C-ACF5-9BDC658DE6B4}.Release|Any CPU.Build.0 = Release|Any CPU
		{5FBC8519-10DD-48CD-A1F4-5D3F6AB44142}.Debug|Any CPU.ActiveCfg = Debug|Any CPU
		{5FBC8519-10DD-48CD-A1F4-5D3F6AB44142}.Debug|Any CPU.Build.0 = Debug|Any CPU
		{5FBC8519-10DD-48CD-A1F4-5D3F6AB44142}.Release|Any CPU.ActiveCfg = Release|Any CPU
		{5FBC8519-10DD-48CD-A1F4-5D3F6AB44142}.Release|Any CPU.Build.0 = Release|Any CPU
		{31D7CF02-5216-4C00-AB17-3B02129D05FA}.Debug|Any CPU.ActiveCfg = Debug|Any CPU
		{31D7CF02-5216-4C00-AB17-3B02129D05FA}.Debug|Any CPU.Build.0 = Debug|Any CPU
		{31D7CF02-5216-4C00-AB17-3B02129D05FA}.Release|Any CPU.ActiveCfg = Release|Any CPU
		{31D7CF02-5216-4C00-AB17-3B02129D05FA}.Release|Any CPU.Build.0 = Release|Any CPU
		{1E9C8C10-B699-4E1B-ABFA-0B1E2E138D87}.Debug|Any CPU.ActiveCfg = Debug|Any CPU
		{1E9C8C10-B699-4E1B-ABFA-0B1E2E138D87}.Debug|Any CPU.Build.0 = Debug|Any CPU
		{1E9C8C10-B699-4E1B-ABFA-0B1E2E138D87}.Release|Any CPU.ActiveCfg = Release|Any CPU
		{1E9C8C10-B699-4E1B-ABFA-0B1E2E138D87}.Release|Any CPU.Build.0 = Release|Any CPU
		{92FA742C-33C5-4743-ACE9-C6C52F6A29C3}.Debug|Any CPU.ActiveCfg = Debug|Any CPU
		{92FA742C-33C5-4743-ACE9-C6C52F6A29C3}.Debug|Any CPU.Build.0 = Debug|Any CPU
		{92FA742C-33C5-4743-ACE9-C6C52F6A29C3}.Release|Any CPU.ActiveCfg = Release|Any CPU
		{92FA742C-33C5-4743-ACE9-C6C52F6A29C3}.Release|Any CPU.Build.0 = Release|Any CPU
		{78226D0D-EC89-458F-890E-B5E009234ADA}.Debug|Any CPU.ActiveCfg = Debug|Any CPU
		{78226D0D-EC89-458F-890E-B5E009234ADA}.Debug|Any CPU.Build.0 = Debug|Any CPU
		{78226D0D-EC89-458F-890E-B5E009234ADA}.Release|Any CPU.ActiveCfg = Release|Any CPU
		{78226D0D-EC89-458F-890E-B5E009234ADA}.Release|Any CPU.Build.0 = Release|Any CPU
		{3CBA159D-FD96-4EDE-9670-834378BB7073}.Debug|Any CPU.ActiveCfg = Debug|Any CPU
		{3CBA159D-FD96-4EDE-9670-834378BB7073}.Debug|Any CPU.Build.0 = Debug|Any CPU
		{3CBA159D-FD96-4EDE-9670-834378BB7073}.Release|Any CPU.ActiveCfg = Release|Any CPU
		{3CBA159D-FD96-4EDE-9670-834378BB7073}.Release|Any CPU.Build.0 = Release|Any CPU
		{263FBA29-D6B0-4E57-81B1-BA77D9ED47EE}.Debug|Any CPU.ActiveCfg = Debug|Any CPU
		{263FBA29-D6B0-4E57-81B1-BA77D9ED47EE}.Debug|Any CPU.Build.0 = Debug|Any CPU
		{263FBA29-D6B0-4E57-81B1-BA77D9ED47EE}.Release|Any CPU.ActiveCfg = Release|Any CPU
		{263FBA29-D6B0-4E57-81B1-BA77D9ED47EE}.Release|Any CPU.Build.0 = Release|Any CPU
		{E6DFEF8D-247F-4DFD-9C6D-62AA6286ED45}.Debug|Any CPU.ActiveCfg = Debug|Any CPU
		{E6DFEF8D-247F-4DFD-9C6D-62AA6286ED45}.Debug|Any CPU.Build.0 = Debug|Any CPU
		{E6DFEF8D-247F-4DFD-9C6D-62AA6286ED45}.Release|Any CPU.ActiveCfg = Release|Any CPU
		{E6DFEF8D-247F-4DFD-9C6D-62AA6286ED45}.Release|Any CPU.Build.0 = Release|Any CPU
		{E945291C-9D94-466F-B7AA-F9E1F8D58A7C}.Debug|Any CPU.ActiveCfg = Debug|Any CPU
		{E945291C-9D94-466F-B7AA-F9E1F8D58A7C}.Debug|Any CPU.Build.0 = Debug|Any CPU
		{E945291C-9D94-466F-B7AA-F9E1F8D58A7C}.Release|Any CPU.ActiveCfg = Release|Any CPU
		{E945291C-9D94-466F-B7AA-F9E1F8D58A7C}.Release|Any CPU.Build.0 = Release|Any CPU
		{C1911DA2-C0F1-4F17-84CD-7F9F5D75F64B}.Debug|Any CPU.ActiveCfg = Debug|Any CPU
		{C1911DA2-C0F1-4F17-84CD-7F9F5D75F64B}.Debug|Any CPU.Build.0 = Debug|Any CPU
		{C1911DA2-C0F1-4F17-84CD-7F9F5D75F64B}.Release|Any CPU.ActiveCfg = Release|Any CPU
		{C1911DA2-C0F1-4F17-84CD-7F9F5D75F64B}.Release|Any CPU.Build.0 = Release|Any CPU
		{84B72DD0-DCDC-4A4D-B244-EBEED33D10CA}.Debug|Any CPU.ActiveCfg = Debug|Any CPU
		{84B72DD0-DCDC-4A4D-B244-EBEED33D10CA}.Debug|Any CPU.Build.0 = Debug|Any CPU
		{84B72DD0-DCDC-4A4D-B244-EBEED33D10CA}.Release|Any CPU.ActiveCfg = Release|Any CPU
		{84B72DD0-DCDC-4A4D-B244-EBEED33D10CA}.Release|Any CPU.Build.0 = Release|Any CPU
		{7F28066D-FEF7-4F0A-BE3C-3694D9225690}.Debug|Any CPU.ActiveCfg = Debug|Any CPU
		{7F28066D-FEF7-4F0A-BE3C-3694D9225690}.Debug|Any CPU.Build.0 = Debug|Any CPU
		{7F28066D-FEF7-4F0A-BE3C-3694D9225690}.Release|Any CPU.ActiveCfg = Release|Any CPU
		{7F28066D-FEF7-4F0A-BE3C-3694D9225690}.Release|Any CPU.Build.0 = Release|Any CPU
		{ABB935C0-91C2-4A3C-9218-066AFBDEBD4D}.Debug|Any CPU.ActiveCfg = Debug|Any CPU
		{ABB935C0-91C2-4A3C-9218-066AFBDEBD4D}.Debug|Any CPU.Build.0 = Debug|Any CPU
		{ABB935C0-91C2-4A3C-9218-066AFBDEBD4D}.Release|Any CPU.ActiveCfg = Release|Any CPU
		{ABB935C0-91C2-4A3C-9218-066AFBDEBD4D}.Release|Any CPU.Build.0 = Release|Any CPU
		{51B72056-E0FC-47D6-B996-C93791E70509}.Debug|Any CPU.ActiveCfg = Debug|Any CPU
		{51B72056-E0FC-47D6-B996-C93791E70509}.Debug|Any CPU.Build.0 = Debug|Any CPU
		{51B72056-E0FC-47D6-B996-C93791E70509}.Release|Any CPU.ActiveCfg = Release|Any CPU
		{51B72056-E0FC-47D6-B996-C93791E70509}.Release|Any CPU.Build.0 = Release|Any CPU
		{7AF99363-C59F-4946-A890-402EB4129D6A}.Debug|Any CPU.ActiveCfg = Debug|Any CPU
		{7AF99363-C59F-4946-A890-402EB4129D6A}.Debug|Any CPU.Build.0 = Debug|Any CPU
		{7AF99363-C59F-4946-A890-402EB4129D6A}.Release|Any CPU.ActiveCfg = Release|Any CPU
		{7AF99363-C59F-4946-A890-402EB4129D6A}.Release|Any CPU.Build.0 = Release|Any CPU
		{799A2651-DC75-4A52-818D-4D4E80C8FD41}.Debug|Any CPU.ActiveCfg = Debug|Any CPU
		{799A2651-DC75-4A52-818D-4D4E80C8FD41}.Debug|Any CPU.Build.0 = Debug|Any CPU
		{799A2651-DC75-4A52-818D-4D4E80C8FD41}.Release|Any CPU.ActiveCfg = Release|Any CPU
		{799A2651-DC75-4A52-818D-4D4E80C8FD41}.Release|Any CPU.Build.0 = Release|Any CPU
		{104C7D7B-9218-4156-A5E7-389843A159F1}.Debug|Any CPU.ActiveCfg = Debug|Any CPU
		{104C7D7B-9218-4156-A5E7-389843A159F1}.Debug|Any CPU.Build.0 = Debug|Any CPU
		{104C7D7B-9218-4156-A5E7-389843A159F1}.Release|Any CPU.ActiveCfg = Release|Any CPU
		{104C7D7B-9218-4156-A5E7-389843A159F1}.Release|Any CPU.Build.0 = Release|Any CPU
		{4F8FCF28-2698-4CAE-B0EB-D3C6F14D4577}.Debug|Any CPU.ActiveCfg = Debug|Any CPU
		{4F8FCF28-2698-4CAE-B0EB-D3C6F14D4577}.Debug|Any CPU.Build.0 = Debug|Any CPU
		{4F8FCF28-2698-4CAE-B0EB-D3C6F14D4577}.Release|Any CPU.ActiveCfg = Release|Any CPU
		{4F8FCF28-2698-4CAE-B0EB-D3C6F14D4577}.Release|Any CPU.Build.0 = Release|Any CPU
		{94B0152F-CA6B-4BA5-87B5-6D8831D8FBA4}.Debug|Any CPU.ActiveCfg = Debug|Any CPU
		{94B0152F-CA6B-4BA5-87B5-6D8831D8FBA4}.Debug|Any CPU.Build.0 = Debug|Any CPU
		{94B0152F-CA6B-4BA5-87B5-6D8831D8FBA4}.Release|Any CPU.ActiveCfg = Release|Any CPU
		{94B0152F-CA6B-4BA5-87B5-6D8831D8FBA4}.Release|Any CPU.Build.0 = Release|Any CPU
		{F39BC8DF-4289-4AB2-92AA-7057BC48ED33}.Debug|Any CPU.ActiveCfg = Debug|Any CPU
		{F39BC8DF-4289-4AB2-92AA-7057BC48ED33}.Debug|Any CPU.Build.0 = Debug|Any CPU
		{F39BC8DF-4289-4AB2-92AA-7057BC48ED33}.Release|Any CPU.ActiveCfg = Release|Any CPU
		{F39BC8DF-4289-4AB2-92AA-7057BC48ED33}.Release|Any CPU.Build.0 = Release|Any CPU
	EndGlobalSection
	GlobalSection(SolutionProperties) = preSolution
		HideSolutionNode = FALSE
	EndGlobalSection
	GlobalSection(NestedProjects) = preSolution
		{809D8B78-15CA-4848-9DDB-64F754E5AD68} = {5A472689-1566-4FDF-B5AF-F0056F82D7AD}
		{4F493938-B444-425C-ACF5-9BDC658DE6B4} = {595725BE-1532-41BB-A7F1-BA788743F756}
		{5FBC8519-10DD-48CD-A1F4-5D3F6AB44142} = {595725BE-1532-41BB-A7F1-BA788743F756}
		{31D7CF02-5216-4C00-AB17-3B02129D05FA} = {595725BE-1532-41BB-A7F1-BA788743F756}
		{1009465A-7B4C-427E-A5B9-5A37595A4C24} = {C62F08E7-540D-4DDF-BDDB-AFCF49439F9A}
		{9860B2CA-094A-4E14-B565-595EE4CA219F} = {1009465A-7B4C-427E-A5B9-5A37595A4C24}
		{1E9C8C10-B699-4E1B-ABFA-0B1E2E138D87} = {1009465A-7B4C-427E-A5B9-5A37595A4C24}
		{F05316B8-9DE7-4024-99CA-87DDD8E22705} = {9860B2CA-094A-4E14-B565-595EE4CA219F}
		{92FA742C-33C5-4743-ACE9-C6C52F6A29C3} = {F05316B8-9DE7-4024-99CA-87DDD8E22705}
		{78226D0D-EC89-458F-890E-B5E009234ADA} = {F05316B8-9DE7-4024-99CA-87DDD8E22705}
		{3CBA159D-FD96-4EDE-9670-834378BB7073} = {F05316B8-9DE7-4024-99CA-87DDD8E22705}
		{263FBA29-D6B0-4E57-81B1-BA77D9ED47EE} = {F05316B8-9DE7-4024-99CA-87DDD8E22705}
		{E6DFEF8D-247F-4DFD-9C6D-62AA6286ED45} = {F05316B8-9DE7-4024-99CA-87DDD8E22705}
		{E945291C-9D94-466F-B7AA-F9E1F8D58A7C} = {595725BE-1532-41BB-A7F1-BA788743F756}
		{C1911DA2-C0F1-4F17-84CD-7F9F5D75F64B} = {595725BE-1532-41BB-A7F1-BA788743F756}
		{AA18B1CA-5A1B-4F41-8F76-7D68A9E20324} = {9860B2CA-094A-4E14-B565-595EE4CA219F}
		{84B72DD0-DCDC-4A4D-B244-EBEED33D10CA} = {AA18B1CA-5A1B-4F41-8F76-7D68A9E20324}
		{7F28066D-FEF7-4F0A-BE3C-3694D9225690} = {AA18B1CA-5A1B-4F41-8F76-7D68A9E20324}
		{ABB935C0-91C2-4A3C-9218-066AFBDEBD4D} = {AA18B1CA-5A1B-4F41-8F76-7D68A9E20324}
		{51B72056-E0FC-47D6-B996-C93791E70509} = {AA18B1CA-5A1B-4F41-8F76-7D68A9E20324}
		{7AF99363-C59F-4946-A890-402EB4129D6A} = {5A472689-1566-4FDF-B5AF-F0056F82D7AD}
		{799A2651-DC75-4A52-818D-4D4E80C8FD41} = {5A472689-1566-4FDF-B5AF-F0056F82D7AD}
		{104C7D7B-9218-4156-A5E7-389843A159F1} = {5A472689-1566-4FDF-B5AF-F0056F82D7AD}
		{4F8FCF28-2698-4CAE-B0EB-D3C6F14D4577} = {5A472689-1566-4FDF-B5AF-F0056F82D7AD}
		{94B0152F-CA6B-4BA5-87B5-6D8831D8FBA4} = {AA18B1CA-5A1B-4F41-8F76-7D68A9E20324}
		{F39BC8DF-4289-4AB2-92AA-7057BC48ED33} = {5A472689-1566-4FDF-B5AF-F0056F82D7AD}
	EndGlobalSection
	GlobalSection(ExtensibilityGlobals) = postSolution
		SolutionGuid = {D3F9B67C-9A13-46EA-BC43-EA02349B6D43}
		{0B8711A4-2F37-441A-89C5-46B02EF657A7} = {A672F719-0E4B-4D77-988F-CA6A95CE70A8}
		{7DE2A09E-F545-4D71-9611-533C84BDB837} = {415478EC-2090-4B12-9512-9879DC10DA69}
		{CFF0041D-3BDB-4B4E-838B-87DAB418B22D} = {7DE2A09E-F545-4D71-9611-533C84BDB837}
		{7AA7C186-861A-4EEE-8251-0D48335C5368} = {7DE2A09E-F545-4D71-9611-533C84BDB837}
		{417C83CB-1288-44B4-B2F3-DF4A7EF3EC18} = {7DE2A09E-F545-4D71-9611-533C84BDB837}
		{22B59635-6704-4CBF-8040-FEC3654C998A} = {7DE2A09E-F545-4D71-9611-533C84BDB837}
		{561377D1-8E58-4D06-BCE2-1FA16F3F7381} = {7DE2A09E-F545-4D71-9611-533C84BDB837}
	EndGlobalSection
EndGlobal
